
Microsoft Visual Studio Solution File, Format Version 12.00
# Visual Studio 15
VisualStudioVersion = 15.0.27130.2010
MinimumVisualStudioVersion = 10.0.40219.1
Project("{FAE04EC0-301F-11D3-BF4B-00C04F79EFBC}") = "RadarExample.WinForms", "RadarExample.WinForms\RadarExample.WinForms.csproj", "{D269C44A-C4A7-408B-B437-159B5010A33B}"
EndProject
Global
	GlobalSection(SolutionConfigurationPlatforms) = preSolution
		Debug|Any CPU = Debug|Any CPU
		Release|Any CPU = Release|Any CPU
	EndGlobalSection
	GlobalSection(ProjectConfigurationPlatforms) = postSolution
		{D269C44A-C4A7-408B-B437-159B5010A33B}.Debug|Any CPU.ActiveCfg = Debug|Any CPU
		{D269C44A-C4A7-408B-B437-159B5010A33B}.Debug|Any CPU.Build.0 = Debug|Any CPU
		{D269C44A-C4A7-408B-B437-159B5010A33B}.Release|Any CPU.ActiveCfg = Release|Any CPU
		{D269C44A-C4A7-408B-B437-159B5010A33B}.Release|Any CPU.Build.0 = Release|Any CPU
	EndGlobalSection
	GlobalSection(SolutionProperties) = preSolution
		HideSolutionNode = FALSE
	EndGlobalSection
	GlobalSection(ExtensibilityGlobals) = postSolution
		SolutionGuid = {EE409E56-5A8B-491C-8833-F6E899648065}
	EndGlobalSection
EndGlobal
